
Microsoft Visual Studio Solution File, Format Version 12.00
# Visual Studio Version 17
VisualStudioVersion = 17.2.32602.215
MinimumVisualStudioVersion = 10.0.40219.1
Project("{FAE04EC0-301F-11D3-BF4B-00C04F79EFBC}") = "TP_Integrador_Master", "TP_Integrador_Master.csproj", "{1CB9D19F-1396-42D7-B4C5-323996A2812A}"
EndProject
Global
	GlobalSection(SolutionConfigurationPlatforms) = preSolution
		Debug|Any CPU = Debug|Any CPU
		Release|Any CPU = Release|Any CPU
	EndGlobalSection
	GlobalSection(ProjectConfigurationPlatforms) = postSolution
		{1CB9D19F-1396-42D7-B4C5-323996A2812A}.Debug|Any CPU.ActiveCfg = Debug|Any CPU
		{1CB9D19F-1396-42D7-B4C5-323996A2812A}.Debug|Any CPU.Build.0 = Debug|Any CPU
		{1CB9D19F-1396-42D7-B4C5-323996A2812A}.Release|Any CPU.ActiveCfg = Release|Any CPU
		{1CB9D19F-1396-42D7-B4C5-323996A2812A}.Release|Any CPU.Build.0 = Release|Any CPU
	EndGlobalSection
	GlobalSection(SolutionProperties) = preSolution
		HideSolutionNode = FALSE
	EndGlobalSection
	GlobalSection(ExtensibilityGlobals) = postSolution
		SolutionGuid = {DB072D0B-062C-4D27-BB24-C7DE227BEB83}
	EndGlobalSection
EndGlobal
